
Microsoft Visual Studio Solution File, Format Version 12.00
# Visual Studio Version 17
VisualStudioVersion = 17.0.32112.339
MinimumVisualStudioVersion = 10.0.40219.1
Project("{FAE04EC0-301F-11D3-BF4B-00C04F79EFBC}") = "01 Part", "01 Part\01 Part.csproj", "{27BA258F-FFC3-45A5-9689-BDCE88149DA2}"
EndProject
Project("{FAE04EC0-301F-11D3-BF4B-00C04F79EFBC}") = "02 Part", "02 Part\02 Part.csproj", "{B18662D2-E7E5-4055-8EF0-7DB9778939EA}"
EndProject
Global
	GlobalSection(SolutionConfigurationPlatforms) = preSolution
		Debug|Any CPU = Debug|Any CPU
		Release|Any CPU = Release|Any CPU
	EndGlobalSection
	GlobalSection(ProjectConfigurationPlatforms) = postSolution
		{27BA258F-FFC3-45A5-9689-BDCE88149DA2}.Debug|Any CPU.ActiveCfg = Debug|Any CPU
		{27BA258F-FFC3-45A5-9689-BDCE88149DA2}.Debug|Any CPU.Build.0 = Debug|Any CPU
		{27BA258F-FFC3-45A5-9689-BDCE88149DA2}.Release|Any CPU.ActiveCfg = Release|Any CPU
		{27BA258F-FFC3-45A5-9689-BDCE88149DA2}.Release|Any CPU.Build.0 = Release|Any CPU
		{B18662D2-E7E5-4055-8EF0-7DB9778939EA}.Debug|Any CPU.ActiveCfg = Debug|Any CPU
		{B18662D2-E7E5-4055-8EF0-7DB9778939EA}.Debug|Any CPU.Build.0 = Debug|Any CPU
		{B18662D2-E7E5-4055-8EF0-7DB9778939EA}.Release|Any CPU.ActiveCfg = Release|Any CPU
		{B18662D2-E7E5-4055-8EF0-7DB9778939EA}.Release|Any CPU.Build.0 = Release|Any CPU
	EndGlobalSection
	GlobalSection(SolutionProperties) = preSolution
		HideSolutionNode = FALSE
	EndGlobalSection
	GlobalSection(ExtensibilityGlobals) = postSolution
		SolutionGuid = {0F99740C-7C1A-4BAB-842A-7F37E88D8230}
	EndGlobalSection
EndGlobal
