
Microsoft Visual Studio Solution File, Format Version 12.00
# Visual Studio Version 17
VisualStudioVersion = 17.0.32112.339
MinimumVisualStudioVersion = 10.0.40219.1
Project("{FAE04EC0-301F-11D3-BF4B-00C04F79EFBC}") = "Part 01", "04 Arrays\Part 01.csproj", "{A8C9325F-407F-408F-94A7-48ED8FF672D3}"
EndProject
Project("{FAE04EC0-301F-11D3-BF4B-00C04F79EFBC}") = "Part 2", "Part 2\Part 2.csproj", "{0B80B3C0-EF37-44A8-A0F8-00FCDECB891E}"
EndProject
Project("{FAE04EC0-301F-11D3-BF4B-00C04F79EFBC}") = "Part 3", "Part 3\Part 3.csproj", "{6ABEF735-C944-4724-909A-9AC363558D4A}"
EndProject
Global
	GlobalSection(SolutionConfigurationPlatforms) = preSolution
		Debug|Any CPU = Debug|Any CPU
		Release|Any CPU = Release|Any CPU
	EndGlobalSection
	GlobalSection(ProjectConfigurationPlatforms) = postSolution
		{A8C9325F-407F-408F-94A7-48ED8FF672D3}.Debug|Any CPU.ActiveCfg = Debug|Any CPU
		{A8C9325F-407F-408F-94A7-48ED8FF672D3}.Debug|Any CPU.Build.0 = Debug|Any CPU
		{A8C9325F-407F-408F-94A7-48ED8FF672D3}.Release|Any CPU.ActiveCfg = Release|Any CPU
		{A8C9325F-407F-408F-94A7-48ED8FF672D3}.Release|Any CPU.Build.0 = Release|Any CPU
		{0B80B3C0-EF37-44A8-A0F8-00FCDECB891E}.Debug|Any CPU.ActiveCfg = Debug|Any CPU
		{0B80B3C0-EF37-44A8-A0F8-00FCDECB891E}.Debug|Any CPU.Build.0 = Debug|Any CPU
		{0B80B3C0-EF37-44A8-A0F8-00FCDECB891E}.Release|Any CPU.ActiveCfg = Release|Any CPU
		{0B80B3C0-EF37-44A8-A0F8-00FCDECB891E}.Release|Any CPU.Build.0 = Release|Any CPU
		{6ABEF735-C944-4724-909A-9AC363558D4A}.Debug|Any CPU.ActiveCfg = Debug|Any CPU
		{6ABEF735-C944-4724-909A-9AC363558D4A}.Debug|Any CPU.Build.0 = Debug|Any CPU
		{6ABEF735-C944-4724-909A-9AC363558D4A}.Release|Any CPU.ActiveCfg = Release|Any CPU
		{6ABEF735-C944-4724-909A-9AC363558D4A}.Release|Any CPU.Build.0 = Release|Any CPU
	EndGlobalSection
	GlobalSection(SolutionProperties) = preSolution
		HideSolutionNode = FALSE
	EndGlobalSection
	GlobalSection(ExtensibilityGlobals) = postSolution
		SolutionGuid = {528C0B86-71E5-432B-970C-FE883173894A}
	EndGlobalSection
EndGlobal
